
Microsoft Visual Studio Solution File, Format Version 12.00
# Visual Studio Version 17
VisualStudioVersion = 17.4.33205.214
MinimumVisualStudioVersion = 10.0.40219.1
Project("{FAE04EC0-301F-11D3-BF4B-00C04F79EFBC}") = "NewManagingApp", "NewManagingApp\NewManagingApp.csproj", "{29781A95-CC14-4515-869C-664D9F8F349B}"
EndProject
Global
	GlobalSection(SolutionConfigurationPlatforms) = preSolution
		Debug|Any CPU = Debug|Any CPU
		Release|Any CPU = Release|Any CPU
	EndGlobalSection
	GlobalSection(ProjectConfigurationPlatforms) = postSolution
		{29781A95-CC14-4515-869C-664D9F8F349B}.Debug|Any CPU.ActiveCfg = Debug|Any CPU
		{29781A95-CC14-4515-869C-664D9F8F349B}.Debug|Any CPU.Build.0 = Debug|Any CPU
		{29781A95-CC14-4515-869C-664D9F8F349B}.Release|Any CPU.ActiveCfg = Release|Any CPU
		{29781A95-CC14-4515-869C-664D9F8F349B}.Release|Any CPU.Build.0 = Release|Any CPU
	EndGlobalSection
	GlobalSection(SolutionProperties) = preSolution
		HideSolutionNode = FALSE
	EndGlobalSection
	GlobalSection(ExtensibilityGlobals) = postSolution
		SolutionGuid = {FCE2BC56-95E1-451B-BD3B-B554525FCFEC}
	EndGlobalSection
EndGlobal
